// !$*UTF8*$!
{
	archiveVersion = 1;
	classes = {
	};
	objectVersion = 48;
	objects = {

/* Begin PBXBuildFile section */
		45B548452058DFF6002CB616 /* AppDelegate.m in Sources */ = {isa = PBXBuildFile; fileRef = 45B548442058DFF6002CB616 /* AppDelegate.m */; };
		45B548482058DFF6002CB616 /* ViewController.m in Sources */ = {isa = PBXBuildFile; fileRef = 45B548472058DFF6002CB616 /* ViewController.m */; };
		45B5484B2058DFF6002CB616 /* Main.storyboard in Resources */ = {isa = PBXBuildFile; fileRef = 45B548492058DFF6002CB616 /* Main.storyboard */; };
		45B5484D2058DFF6002CB616 /* Assets.xcassets in Resources */ = {isa = PBXBuildFile; fileRef = 45B5484C2058DFF6002CB616 /* Assets.xcassets */; };
		45B548502058DFF6002CB616 /* LaunchScreen.storyboard in Resources */ = {isa = PBXBuildFile; fileRef = 45B5484E2058DFF6002CB616 /* LaunchScreen.storyboard */; };
		45B548532058DFF6002CB616 /* main.m in Sources */ = {isa = PBXBuildFile; fileRef = 45B548522058DFF6002CB616 /* main.m */; };
		45B5485D2058DFF6002CB616 /* FBYFaceRecognitionDemo_iOSTests.m in Sources */ = {isa = PBXBuildFile; fileRef = 45B5485C2058DFF6002CB616 /* FBYFaceRecognitionDemo_iOSTests.m */; };
		45B548682058DFF6002CB616 /* FBYFaceRecognitionDemo_iOSUITests.m in Sources */ = {isa = PBXBuildFile; fileRef = 45B548672058DFF6002CB616 /* FBYFaceRecognitionDemo_iOSUITests.m */; };
/* End PBXBuildFile section */

/* Begin PBXContainerItemProxy section */
		45B548592058DFF6002CB616 /* PBXContainerItemProxy */ = {
			isa = PBXContainerItemProxy;
			containerPortal = 45B548382058DFF6002CB616 /* Project object */;
			proxyType = 1;
			remoteGlobalIDString = 45B5483F2058DFF6002CB616;
			remoteInfo = FBYFaceRecognitionDemo_iOS;
		};
		45B548642058DFF6002CB616 /* PBXContainerItemProxy */ = {
			isa = PBXContainerItemProxy;
			containerPortal = 45B548382058DFF6002CB616 /* Project object */;
			proxyType = 1;
			remoteGlobalIDString = 45B5483F2058DFF6002CB616;
			remoteInfo = FBYFaceRecognitionDemo_iOS;
		};
/* End PBXContainerItemProxy section */

/* Begin PBXFileReference section */
		45B548402058DFF6002CB616 /* FBYFaceRecognitionDemo_iOS.app */ = {isa = PBXFileReference; explicitFileType = wrapper.application; includeInIndex = 0; path = FBYFaceRecognitionDemo_iOS.app; sourceTree = BUILT_PRODUCTS_DIR; };
		45B548432058DFF6002CB616 /* AppDelegate.h */ = {isa = PBXFileReference; lastKnownFileType = sourcecode.c.h; path = AppDelegate.h; sourceTree = "<group>"; };
		45B548442058DFF6002CB616 /* AppDelegate.m */ = {isa = PBXFileReference; lastKnownFileType = sourcecode.c.objc; path = AppDelegate.m; sourceTree = "<group>"; };
		45B548462058DFF6002CB616 /* ViewController.h */ = {isa = PBXFileReference; lastKnownFileType = sourcecode.c.h; path = ViewController.h; sourceTree = "<group>"; };
		45B548472058DFF6002CB616 /* ViewController.m */ = {isa = PBXFileReference; lastKnownFileType = sourcecode.c.objc; path = ViewController.m; sourceTree = "<group>"; };
		45B5484A2058DFF6002CB616 /* Base */ = {isa = PBXFileReference; lastKnownFileType = file.storyboard; name = Base; path = Base.lproj/Main.storyboard; sourceTree = "<group>"; };
		45B5484C2058DFF6002CB616 /* Assets.xcassets */ = {isa = PBXFileReference; lastKnownFileType = folder.assetcatalog; path = Assets.xcassets; sourceTree = "<group>"; };
		45B5484F2058DFF6002CB616 /* Base */ = {isa = PBXFileReference; lastKnownFileType = file.storyboard; name = Base; path = Base.lproj/LaunchScreen.storyboard; sourceTree = "<group>"; };
		45B548512058DFF6002CB616 /* Info.plist */ = {isa = PBXFileReference; lastKnownFileType = text.plist.xml; path = Info.plist; sourceTree = "<group>"; };
		45B548522058DFF6002CB616 /* main.m */ = {isa = PBXFileReference; lastKnownFileType = sourcecode.c.objc; path = main.m; sourceTree = "<group>"; };
		45B548582058DFF6002CB616 /* FBYFaceRecognitionDemo_iOSTests.xctest */ = {isa = PBXFileReference; explicitFileType = wrapper.cfbundle; includeInIndex = 0; path = FBYFaceRecognitionDemo_iOSTests.xctest; sourceTree = BUILT_PRODUCTS_DIR; };
		45B5485C2058DFF6002CB616 /* FBYFaceRecognitionDemo_iOSTests.m */ = {isa = PBXFileReference; lastKnownFileType = sourcecode.c.objc; path = FBYFaceRecognitionDemo_iOSTests.m; sourceTree = "<group>"; };
		45B5485E2058DFF6002CB616 /* Info.plist */ = {isa = PBXFileReference; lastKnownFileType = text.plist.xml; path = Info.plist; sourceTree = "<group>"; };
		45B548632058DFF6002CB616 /* FBYFaceRecognitionDemo_iOSUITests.xctest */ = {isa = PBXFileReference; explicitFileType = wrapper.cfbundle; includeInIndex = 0; path = FBYFaceRecognitionDemo_iOSUITests.xctest; sourceTree = BUILT_PRODUCTS_DIR; };
		45B548672058DFF6002CB616 /* FBYFaceRecognitionDemo_iOSUITests.m */ = {isa = PBXFileReference; lastKnownFileType = sourcecode.c.objc; path = FBYFaceRecognitionDemo_iOSUITests.m; sourceTree = "<group>"; };
		45B548692058DFF6002CB616 /* Info.plist */ = {isa = PBXFileReference; lastKnownFileType = text.plist.xml; path = Info.plist; sourceTree = "<group>"; };
/* End PBXFileReference section */

/* Begin PBXFrameworksBuildPhase section */
		45B5483D2058DFF6002CB616 /* Frameworks */ = {
			isa = PBXFrameworksBuildPhase;
			buildActionMask = 2147483647;
			files = (
			);
			runOnlyForDeploymentPostprocessing = 0;
		};
		45B548552058DFF6002CB616 /* Frameworks */ = {
			isa = PBXFrameworksBuildPhase;
			buildActionMask = 2147483647;
			files = (
			);
			runOnlyForDeploymentPostprocessing = 0;
		};
		45B548602058DFF6002CB616 /* Frameworks */ = {
			isa = PBXFrameworksBuildPhase;
			buildActionMask = 2147483647;
			files = (
			);
			runOnlyForDeploymentPostprocessing = 0;
		};
/* End PBXFrameworksBuildPhase section */

/* Begin PBXGroup section */
		45B548372058DFF6002CB616 = {
			isa = PBXGroup;
			children = (
				45B548422058DFF6002CB616 /* FBYFaceRecognitionDemo_iOS */,
				45B5485B2058DFF6002CB616 /* FBYFaceRecognitionDemo_iOSTests */,
				45B548662058DFF6002CB616 /* FBYFaceRecognitionDemo_iOSUITests */,
				45B548412058DFF6002CB616 /* Products */,
			);
			sourceTree = "<group>";
		};
		45B548412058DFF6002CB616 /* Products */ = {
			isa = PBXGroup;
			children = (
				45B548402058DFF6002CB616 /* FBYFaceRecognitionDemo_iOS.app */,
				45B548582058DFF6002CB616 /* FBYFaceRecognitionDemo_iOSTests.xctest */,
				45B548632058DFF6002CB616 /* FBYFaceRecognitionDemo_iOSUITests.xctest */,
			);
			name = Products;
			sourceTree = "<group>";
		};
		45B548422058DFF6002CB616 /* FBYFaceRecognitionDemo_iOS */ = {
			isa = PBXGroup;
			children = (
				45B548432058DFF6002CB616 /* AppDelegate.h */,
				45B548442058DFF6002CB616 /* AppDelegate.m */,
				45B548462058DFF6002CB616 /* ViewController.h */,
				45B548472058DFF6002CB616 /* ViewController.m */,
				45B548492058DFF6002CB616 /* Main.storyboard */,
				45B5484C2058DFF6002CB616 /* Assets.xcassets */,
				45B5484E2058DFF6002CB616 /* LaunchScreen.storyboard */,
				45B548512058DFF6002CB616 /* Info.plist */,
				45B548522058DFF6002CB616 /* main.m */,
			);
			path = FBYFaceRecognitionDemo_iOS;
			sourceTree = "<group>";
		};
		45B5485B2058DFF6002CB616 /* FBYFaceRecognitionDemo_iOSTests */ = {
			isa = PBXGroup;
			children = (
				45B5485C2058DFF6002CB616 /* FBYFaceRecognitionDemo_iOSTests.m */,
				45B5485E2058DFF6002CB616 /* Info.plist */,
			);
			path = FBYFaceRecognitionDemo_iOSTests;
			sourceTree = "<group>";
		};
		45B548662058DFF6002CB616 /* FBYFaceRecognitionDemo_iOSUITests */ = {
			isa = PBXGroup;
			children = (
				45B548672058DFF6002CB616 /* FBYFaceRecognitionDemo_iOSUITests.m */,
				45B548692058DFF6002CB616 /* Info.plist */,
			);
			path = FBYFaceRecognitionDemo_iOSUITests;
			sourceTree = "<group>";
		};
/* End PBXGroup section */

/* Begin PBXNativeTarget section */
		45B5483F2058DFF6002CB616 /* FBYFaceRecognitionDemo_iOS */ = {
			isa = PBXNativeTarget;
			buildConfigurationList = 45B5486C2058DFF6002CB616 /* Build configuration list for PBXNativeTarget "FBYFaceRecognitionDemo_iOS" */;
			buildPhases = (
				45B5483C2058DFF6002CB616 /* Sources */,
				45B5483D2058DFF6002CB616 /* Frameworks */,
				45B5483E2058DFF6002CB616 /* Resources */,
			);
			buildRules = (
			);
			dependencies = (
			);
			name = FBYFaceRecognitionDemo_iOS;
			productName = FBYFaceRecognitionDemo_iOS;
			productReference = 45B548402058DFF6002CB616 /* FBYFaceRecognitionDemo_iOS.app */;
			productType = "com.apple.product-type.application";
		};
		45B548572058DFF6002CB616 /* FBYFaceRecognitionDemo_iOSTests */ = {
			isa = PBXNativeTarget;
			buildConfigurationList = 45B5486F2058DFF6002CB616 /* Build configuration list for PBXNativeTarget "FBYFaceRecognitionDemo_iOSTests" */;
			buildPhases = (
				45B548542058DFF6002CB616 /* Sources */,
				45B548552058DFF6002CB616 /* Frameworks */,
				45B548562058DFF6002CB616 /* Resources */,
			);
			buildRules = (
			);
			dependencies = (
				45B5485A2058DFF6002CB616 /* PBXTargetDependency */,
			);
			name = FBYFaceRecognitionDemo_iOSTests;
			productName = FBYFaceRecognitionDemo_iOSTests;
			productReference = 45B548582058DFF6002CB616 /* FBYFaceRecognitionDemo_iOSTests.xctest */;
			productType = "com.apple.product-type.bundle.unit-test";
		};
		45B548622058DFF6002CB616 /* FBYFaceRecognitionDemo_iOSUITests */ = {
			isa = PBXNativeTarget;
			buildConfigurationList = 45B548722058DFF6002CB616 /* Build configuration list for PBXNativeTarget "FBYFaceRecognitionDemo_iOSUITests" */;
			buildPhases = (
				45B5485F2058DFF6002CB616 /* Sources */,
				45B548602058DFF6002CB616 /* Frameworks */,
				45B548612058DFF6002CB616 /* Resources */,
			);
			buildRules = (
			);
			dependencies = (
				45B548652058DFF6002CB616 /* PBXTargetDependency */,
			);
			name = FBYFaceRecognitionDemo_iOSUITests;
			productName = FBYFaceRecognitionDemo_iOSUITests;
			productReference = 45B548632058DFF6002CB616 /* FBYFaceRecognitionDemo_iOSUITests.xctest */;
			productType = "com.apple.product-type.bundle.ui-testing";
		};
/* End PBXNativeTarget section */

/* Begin PBXProject section */
		45B548382058DFF6002CB616 /* Project object */ = {
			isa = PBXProject;
			attributes = {
				LastUpgradeCheck = 0920;
				ORGANIZATIONNAME = FBYFaceRecognitionDemo_iOS;
				TargetAttributes = {
					45B5483F2058DFF6002CB616 = {
						CreatedOnToolsVersion = 9.2;
						ProvisioningStyle = Automatic;
					};
					45B548572058DFF6002CB616 = {
						CreatedOnToolsVersion = 9.2;
						ProvisioningStyle = Automatic;
						TestTargetID = 45B5483F2058DFF6002CB616;
					};
					45B548622058DFF6002CB616 = {
						CreatedOnToolsVersion = 9.2;
						ProvisioningStyle = Automatic;
						TestTargetID = 45B5483F2058DFF6002CB616;
					};
				};
			};
			buildConfigurationList = 45B5483B2058DFF6002CB616 /* Build configuration list for PBXProject "FBYFaceRecognitionDemo_iOS" */;
			compatibilityVersion = "Xcode 8.0";
			developmentRegion = en;
			hasScannedForEncodings = 0;
			knownRegions = (
				en,
				Base,
			);
			mainGroup = 45B548372058DFF6002CB616;
			productRefGroup = 45B548412058DFF6002CB616 /* Products */;
			projectDirPath = "";
			projectRoot = "";
			targets = (
				45B5483F2058DFF6002CB616 /* FBYFaceRecognitionDemo_iOS */,
				45B548572058DFF6002CB616 /* FBYFaceRecognitionDemo_iOSTests */,
				45B548622058DFF6002CB616 /* FBYFaceRecognitionDemo_iOSUITests */,
			);
		};
/* End PBXProject section */

/* Begin PBXResourcesBuildPhase section */
		45B5483E2058DFF6002CB616 /* Resources */ = {
			isa = PBXResourcesBuildPhase;
			buildActionMask = 2147483647;
			files = (
				45B548502058DFF6002CB616 /* LaunchScreen.storyboard in Resources */,
				45B5484D2058DFF6002CB616 /* Assets.xcassets in Resources */,
				45B5484B2058DFF6002CB616 /* Main.storyboard in Resources */,
			);
			runOnlyForDeploymentPostprocessing = 0;
		};
		45B548562058DFF6002CB616 /* Resources */ = {
			isa = PBXResourcesBuildPhase;
			buildActionMask = 2147483647;
			files = (
			);
			runOnlyForDeploymentPostprocessing = 0;
		};
		45B548612058DFF6002CB616 /* Resources */ = {
			isa = PBXResourcesBuildPhase;
			buildActionMask = 2147483647;
			files = (
			);
			runOnlyForDeploymentPostprocessing = 0;
		};
/* End PBXResourcesBuildPhase section */

/* Begin PBXSourcesBuildPhase section */
		45B5483C2058DFF6002CB616 /* Sources */ = {
			isa = PBXSourcesBuildPhase;
			buildActionMask = 2147483647;
			files = (
				45B548482058DFF6002CB616 /* ViewController.m in Sources */,
				45B548532058DFF6002CB616 /* main.m in Sources */,
				45B548452058DFF6002CB616 /* AppDelegate.m in Sources */,
			);
			runOnlyForDeploymentPostprocessing = 0;
		};
		45B548542058DFF6002CB616 /* Sources */ = {
			isa = PBXSourcesBuildPhase;
			buildActionMask = 2147483647;
			files = (
				45B5485D2058DFF6002CB616 /* FBYFaceRecognitionDemo_iOSTests.m in Sources */,
			);
			runOnlyForDeploymentPostprocessing = 0;
		};
		45B5485F2058DFF6002CB616 /* Sources */ = {
			isa = PBXSourcesBuildPhase;
			buildActionMask = 2147483647;
			files = (
				45B548682058DFF6002CB616 /* FBYFaceRecognitionDemo_iOSUITests.m in Sources */,
			);
			runOnlyForDeploymentPostprocessing = 0;
		};
/* End PBXSourcesBuildPhase section */

/* Begin PBXTargetDependency section */
		45B5485A2058DFF6002CB616 /* PBXTargetDependency */ = {
			isa = PBXTargetDependency;
			target = 45B5483F2058DFF6002CB616 /* FBYFaceRecognitionDemo_iOS */;
			targetProxy = 45B548592058DFF6002CB616 /* PBXContainerItemProxy */;
		};
		45B548652058DFF6002CB616 /* PBXTargetDependency */ = {
			isa = PBXTargetDependency;
			target = 45B5483F2058DFF6002CB616 /* FBYFaceRecognitionDemo_iOS */;
			targetProxy = 45B548642058DFF6002CB616 /* PBXContainerItemProxy */;
		};
/* End PBXTargetDependency section */

/* Begin PBXVariantGroup section */
		45B548492058DFF6002CB616 /* Main.storyboard */ = {
			isa = PBXVariantGroup;
			children = (
				45B5484A2058DFF6002CB616 /* Base */,
			);
			name = Main.storyboard;
			sourceTree = "<group>";
		};
		45B5484E2058DFF6002CB616 /* LaunchScreen.storyboard */ = {
			isa = PBXVariantGroup;
			children = (
				45B5484F2058DFF6002CB616 /* Base */,
			);
			name = LaunchScreen.storyboard;
			sourceTree = "<group>";
		};
/* End PBXVariantGroup section */

/* Begin XCBuildConfiguration section */
		45B5486A2058DFF6002CB616 /* Debug */ = {
			isa = XCBuildConfiguration;
			buildSettings = {
				ALWAYS_SEARCH_USER_PATHS = NO;
				CLANG_ANALYZER_NONNULL = YES;
				CLANG_ANALYZER_NUMBER_OBJECT_CONVERSION = YES_AGGRESSIVE;
				CLANG_CXX_LANGUAGE_STANDARD = "gnu++14";
				CLANG_CXX_LIBRARY = "libc++";
				CLANG_ENABLE_MODULES = YES;
				CLANG_ENABLE_OBJC_ARC = YES;
				CLANG_WARN_BLOCK_CAPTURE_AUTORELEASING = YES;
				CLANG_WARN_BOOL_CONVERSION = YES;
				CLANG_WARN_COMMA = YES;
				CLANG_WARN_CONSTANT_CONVERSION = YES;
				CLANG_WARN_DIRECT_OBJC_ISA_USAGE = YES_ERROR;
				CLANG_WARN_DOCUMENTATION_COMMENTS = YES;
				CLANG_WARN_EMPTY_BODY = YES;
				CLANG_WARN_ENUM_CONVERSION = YES;
				CLANG_WARN_INFINITE_RECURSION = YES;
				CLANG_WARN_INT_CONVERSION = YES;
				CLANG_WARN_NON_LITERAL_NULL_CONVERSION = YES;
				CLANG_WARN_OBJC_LITERAL_CONVERSION = YES;
				CLANG_WARN_OBJC_ROOT_CLASS = YES_ERROR;
				CLANG_WARN_RANGE_LOOP_ANALYSIS = YES;
				CLANG_WARN_STRICT_PROTOTYPES = YES;
				CLANG_WARN_SUSPICIOUS_MOVE = YES;
				CLANG_WARN_UNGUARDED_AVAILABILITY = YES_AGGRESSIVE;
				CLANG_WARN_UNREACHABLE_CODE = YES;
				CLANG_WARN__DUPLICATE_METHOD_MATCH = YES;
				CODE_SIGN_IDENTITY = "iPhone Developer";
				COPY_PHASE_STRIP = NO;
				DEBUG_INFORMATION_FORMAT = dwarf;
				ENABLE_STRICT_OBJC_MSGSEND = YES;
				ENABLE_TESTABILITY = YES;
				GCC_C_LANGUAGE_STANDARD = gnu11;
				GCC_DYNAMIC_NO_PIC = NO;
				GCC_NO_COMMON_BLOCKS = YES;
				GCC_OPTIMIZATION_LEVEL = 0;
				GCC_PREPROCESSOR_DEFINITIONS = (
					"DEBUG=1",
					"$(inherited)",
				);
				GCC_WARN_64_TO_32_BIT_CONVERSION = YES;
				GCC_WARN_ABOUT_RETURN_TYPE = YES_ERROR;
				GCC_WARN_UNDECLARED_SELECTOR = YES;
				GCC_WARN_UNINITIALIZED_AUTOS = YES_AGGRESSIVE;
				GCC_WARN_UNUSED_FUNCTION = YES;
				GCC_WARN_UNUSED_VARIABLE = YES;
				IPHONEOS_DEPLOYMENT_TARGET = 11.2;
				MTL_ENABLE_DEBUG_INFO = YES;
				ONLY_ACTIVE_ARCH = YES;
				SDKROOT = iphoneos;
			};
			name = Debug;
		};
		45B5486B2058DFF6002CB616 /* Release */ = {
			isa = XCBuildConfiguration;
			buildSettings = {
				ALWAYS_SEARCH_USER_PATHS = NO;
				CLANG_ANALYZER_NONNULL = YES;
				CLANG_ANALYZER_NUMBER_OBJECT_CONVERSION = YES_AGGRESSIVE;
				CLANG_CXX_LANGUAGE_STANDARD = "gnu++14";
				CLANG_CXX_LIBRARY = "libc++";
				CLANG_ENABLE_MODULES = YES;
				CLANG_ENABLE_OBJC_ARC = YES;
				CLANG_WARN_BLOCK_CAPTURE_AUTORELEASING = YES;
				CLANG_WARN_BOOL_CONVERSION = YES;
				CLANG_WARN_COMMA = YES;
				CLANG_WARN_CONSTANT_CONVERSION = YES;
				CLANG_WARN_DIRECT_OBJC_ISA_USAGE = YES_ERROR;
				CLANG_WARN_DOCUMENTATION_COMMENTS = YES;
				CLANG_WARN_EMPTY_BODY = YES;
				CLANG_WARN_ENUM_CONVERSION = YES;
				CLANG_WARN_INFINITE_RECURSION = YES;
				CLANG_WARN_INT_CONVERSION = YES;
				CLANG_WARN_NON_LITERAL_NULL_CONVERSION = YES;
				CLANG_WARN_OBJC_LITERAL_CONVERSION = YES;
				CLANG_WARN_OBJC_ROOT_CLASS = YES_ERROR;
				CLANG_WARN_RANGE_LOOP_ANALYSIS = YES;
				CLANG_WARN_STRICT_PROTOTYPES = YES;
				CLANG_WARN_SUSPICIOUS_MOVE = YES;
				CLANG_WARN_UNGUARDED_AVAILABILITY = YES_AGGRESSIVE;
				CLANG_WARN_UNREACHABLE_CODE = YES;
				CLANG_WARN__DUPLICATE_METHOD_MATCH = YES;
				CODE_SIGN_IDENTITY = "iPhone Developer";
				COPY_PHASE_STRIP = NO;
				DEBUG_INFORMATION_FORMAT = "dwarf-with-dsym";
				ENABLE_NS_ASSERTIONS = NO;
				ENABLE_STRICT_OBJC_MSGSEND = YES;
				GCC_C_LANGUAGE_STANDARD = gnu11;
				GCC_NO_COMMON_BLOCKS = YES;
				GCC_WARN_64_TO_32_BIT_CONVERSION = YES;
				GCC_WARN_ABOUT_RETURN_TYPE = YES_ERROR;
				GCC_WARN_UNDECLARED_SELECTOR = YES;
				GCC_WARN_UNINITIALIZED_AUTOS = YES_AGGRESSIVE;
				GCC_WARN_UNUSED_FUNCTION = YES;
				GCC_WARN_UNUSED_VARIABLE = YES;
				IPHONEOS_DEPLOYMENT_TARGET = 11.2;
				MTL_ENABLE_DEBUG_INFO = NO;
				SDKROOT = iphoneos;
				VALIDATE_PRODUCT = YES;
			};
			name = Release;
		};
		45B5486D2058DFF6002CB616 /* Debug */ = {
			isa = XCBuildConfiguration;
			buildSettings = {
				ASSETCATALOG_COMPILER_APPICON_NAME = AppIcon;
				CODE_SIGN_STYLE = Automatic;
				DEVELOPMENT_TEAM = 8ZQEMVF63J;
				INFOPLIST_FILE = FBYFaceRecognitionDemo_iOS/Info.plist;
				LD_RUNPATH_SEARCH_PATHS = "$(inherited) @executable_path/Frameworks";
				PRODUCT_BUNDLE_IDENTIFIER = "com.FBYFaceRecognitionDemo-iOS.a.FBYFaceRecognitionDemo-iOS";
				PRODUCT_NAME = "$(TARGET_NAME)";
				TARGETED_DEVICE_FAMILY = "1,2";
			};
			name = Debug;
		};
		45B5486E2058DFF6002CB616 /* Release */ = {
			isa = XCBuildConfiguration;
			buildSettings = {
				ASSETCATALOG_COMPILER_APPICON_NAME = AppIcon;
				CODE_SIGN_STYLE = Automatic;
				DEVELOPMENT_TEAM = 8ZQEMVF63J;
				INFOPLIST_FILE = FBYFaceRecognitionDemo_iOS/Info.plist;
				LD_RUNPATH_SEARCH_PATHS = "$(inherited) @executable_path/Frameworks";
				PRODUCT_BUNDLE_IDENTIFIER = "com.FBYFaceRecognitionDemo-iOS.a.FBYFaceRecognitionDemo-iOS";
				PRODUCT_NAME = "$(TARGET_NAME)";
				TARGETED_DEVICE_FAMILY = "1,2";
			};
			name = Release;
		};
		45B548702058DFF6002CB616 /* Debug */ = {
			isa = XCBuildConfiguration;
			buildSettings = {
				BUNDLE_LOADER = "$(TEST_HOST)";
				CODE_SIGN_STYLE = Automatic;
				DEVELOPMENT_TEAM = 8ZQEMVF63J;
				INFOPLIST_FILE = FBYFaceRecognitionDemo_iOSTests/Info.plist;
				LD_RUNPATH_SEARCH_PATHS = "$(inherited) @executable_path/Frameworks @loader_path/Frameworks";
				PRODUCT_BUNDLE_IDENTIFIER = "com.FBYFaceRecognitionDemo-iOS.a.FBYFaceRecognitionDemo-iOSTests";
				PRODUCT_NAME = "$(TARGET_NAME)";
				TARGETED_DEVICE_FAMILY = "1,2";
				TEST_HOST = "$(BUILT_PRODUCTS_DIR)/FBYFaceRecognitionDemo_iOS.app/FBYFaceRecognitionDemo_iOS";
			};
			name = Debug;
		};
		45B548712058DFF6002CB616 /* Release */ = {
			isa = XCBuildConfiguration;
			buildSettings = {
				BUNDLE_LOADER = "$(TEST_HOST)";
				CODE_SIGN_STYLE = Automatic;
				DEVELOPMENT_TEAM = 8ZQEMVF63J;
				INFOPLIST_FILE = FBYFaceRecognitionDemo_iOSTests/Info.plist;
				LD_RUNPATH_SEARCH_PATHS = "$(inherited) @executable_path/Frameworks @loader_path/Frameworks";
				PRODUCT_BUNDLE_IDENTIFIER = "com.FBYFaceRecognitionDemo-iOS.a.FBYFaceRecognitionDemo-iOSTests";
				PRODUCT_NAME = "$(TARGET_NAME)";
				TARGETED_DEVICE_FAMILY = "1,2";
				TEST_HOST = "$(BUILT_PRODUCTS_DIR)/FBYFaceRecognitionDemo_iOS.app/FBYFaceRecognitionDemo_iOS";
			};
			name = Release;
		};
		45B548732058DFF6002CB616 /* Debug */ = {
			isa = XCBuildConfiguration;
			buildSettings = {
				CODE_SIGN_STYLE = Automatic;
				DEVELOPMENT_TEAM = 8ZQEMVF63J;
				INFOPLIST_FILE = FBYFaceRecognitionDemo_iOSUITests/Info.plist;
				LD_RUNPATH_SEARCH_PATHS = "$(inherited) @executable_path/Frameworks @loader_path/Frameworks";
				PRODUCT_BUNDLE_IDENTIFIER = "com.FBYFaceRecognitionDemo-iOS.a.FBYFaceRecognitionDemo-iOSUITests";
				PRODUCT_NAME = "$(TARGET_NAME)";
				TARGETED_DEVICE_FAMILY = "1,2";
				TEST_TARGET_NAME = FBYFaceRecognitionDemo_iOS;
			};
			name = Debug;
		};
		45B548742058DFF6002CB616 /* Release */ = {
			isa = XCBuildConfiguration;
			buildSettings = {
				CODE_SIGN_STYLE = Automatic;
				DEVELOPMENT_TEAM = 8ZQEMVF63J;
				INFOPLIST_FILE = FBYFaceRecognitionDemo_iOSUITests/Info.plist;
				LD_RUNPATH_SEARCH_PATHS = "$(inherited) @executable_path/Frameworks @loader_path/Frameworks";
				PRODUCT_BUNDLE_IDENTIFIER = "com.FBYFaceRecognitionDemo-iOS.a.FBYFaceRecognitionDemo-iOSUITests";
				PRODUCT_NAME = "$(TARGET_NAME)";
				TARGETED_DEVICE_FAMILY = "1,2";
				TEST_TARGET_NAME = FBYFaceRecognitionDemo_iOS;
			};
			name = Release;
		};
/* End XCBuildConfiguration section */

/* Begin XCConfigurationList section */
		45B5483B2058DFF6002CB616 /* Build configuration list for PBXProject "FBYFaceRecognitionDemo_iOS" */ = {
			isa = XCConfigurationList;
			buildConfigurations = (
				45B5486A2058DFF6002CB616 /* Debug */,
				45B5486B2058DFF6002CB616 /* Release */,
			);
			defaultConfigurationIsVisible = 0;
			defaultConfigurationName = Release;
		};
		45B5486C2058DFF6002CB616 /* Build configuration list for PBXNativeTarget "FBYFaceRecognitionDemo_iOS" */ = {
			isa = XCConfigurationList;
			buildConfigurations = (
				45B5486D2058DFF6002CB616 /* Debug */,
				45B5486E2058DFF6002CB616 /* Release */,
			);
			defaultConfigurationIsVisible = 0;
			defaultConfigurationName = Release;
		};
		45B5486F2058DFF6002CB616 /* Build configuration list for PBXNativeTarget "FBYFaceRecognitionDemo_iOSTests" */ = {
			isa = XCConfigurationList;
			buildConfigurations = (
				45B548702058DFF6002CB616 /* Debug */,
				45B548712058DFF6002CB616 /* Release */,
			);
			defaultConfigurationIsVisible = 0;
			defaultConfigurationName = Release;
		};
		45B548722058DFF6002CB616 /* Build configuration list for PBXNativeTarget "FBYFaceRecognitionDemo_iOSUITests" */ = {
			isa = XCConfigurationList;
			buildConfigurations = (
				45B548732058DFF6002CB616 /* Debug */,
				45B548742058DFF6002CB616 /* Release */,
			);
			defaultConfigurationIsVisible = 0;
			defaultConfigurationName = Release;
		};
/* End XCConfigurationList section */
	};
	rootObject = 45B548382058DFF6002CB616 /* Project object */;
}
